
Microsoft Visual Studio Solution File, Format Version 12.00
# Visual Studio Version 17
VisualStudioVersion = 17.5.002.0
MinimumVisualStudioVersion = 10.0.40219.1
Project("{9A19103F-16F7-4668-BE54-9A1E7A4F7556}") = "money-transfer-dotnet", "money-transfer-dotnet.csproj", "{725A4F5B-13F6-4706-9E6E-B3BD8B564D3B}"
EndProject
Global
	GlobalSection(SolutionConfigurationPlatforms) = preSolution
		Debug|Any CPU = Debug|Any CPU
		Release|Any CPU = Release|Any CPU
	EndGlobalSection
	GlobalSection(ProjectConfigurationPlatforms) = postSolution
		{725A4F5B-13F6-4706-9E6E-B3BD8B564D3B}.Debug|Any CPU.ActiveCfg = Debug|Any CPU
		{725A4F5B-13F6-4706-9E6E-B3BD8B564D3B}.Debug|Any CPU.Build.0 = Debug|Any CPU
		{725A4F5B-13F6-4706-9E6E-B3BD8B564D3B}.Release|Any CPU.ActiveCfg = Release|Any CPU
		{725A4F5B-13F6-4706-9E6E-B3BD8B564D3B}.Release|Any CPU.Build.0 = Release|Any CPU
	EndGlobalSection
	GlobalSection(SolutionProperties) = preSolution
		HideSolutionNode = FALSE
	EndGlobalSection
	GlobalSection(ExtensibilityGlobals) = postSolution
		SolutionGuid = {F54583F5-A2E9-4E9E-A3D4-955FB62A1A42}
	EndGlobalSection
EndGlobal
